{
  "name": "displayduck-widget-simpleweather",
  "lockfileVersion": 3,
  "requires": true,
  "packages": {
    "": {
      "devDependencies": {
        "@displayduck/base": "^0.1.0",
        "@displayduck/ipc": "^0.1.0"
      }
    },
    "node_modules/@displayduck/base": {
      "version": "0.1.0",
      "resolved": "https://registry.npmjs.org/@displayduck/base/-/base-0.1.0.tgz",
      "integrity": "sha512-uL+fXWSFJLAm2+cGcGCJIGP+vBN6vJlnPn2iAuHxT4X3FKodypD5UVUDt+xo/NLgXFdN36tqC2Ux4xyV/xhQ/w==",
      "dev": true,
      "license": "MIT"
    },
    "node_modules/@displayduck/ipc": {
      "version": "0.1.0",
      "resolved": "https://registry.npmjs.org/@displayduck/ipc/-/ipc-0.1.0.tgz",
      "integrity": "sha512-bkCoCL6mB3RdJ4OWm91K6B8kTR6zUhB2qkjRLcvMC1L5p4L9TYiZ2MD/2QLHzU4abSyRfORzWHjidBY8H1HhoA==",
      "dev": true,
      "license": "MIT"
    }
  }
}
